
Microsoft Visual Studio Solution File, Format Version 12.00
# Visual Studio Version 16
VisualStudioVersion = 16.0.29613.14
MinimumVisualStudioVersion = 10.0.40219.1
Project("{FAE04EC0-301F-11D3-BF4B-00C04F79EFBC}") = "SQLProject", "SQLProject.csproj", "{6F9AACA4-BC16-4418-97DE-69FABB743417}"
EndProject
Global
	GlobalSection(SolutionConfigurationPlatforms) = preSolution
		Debug|Any CPU = Debug|Any CPU
		Release|Any CPU = Release|Any CPU
	EndGlobalSection
	GlobalSection(ProjectConfigurationPlatforms) = postSolution
		{6F9AACA4-BC16-4418-97DE-69FABB743417}.Debug|Any CPU.ActiveCfg = Debug|Any CPU
		{6F9AACA4-BC16-4418-97DE-69FABB743417}.Debug|Any CPU.Build.0 = Debug|Any CPU
		{6F9AACA4-BC16-4418-97DE-69FABB743417}.Release|Any CPU.ActiveCfg = Release|Any CPU
		{6F9AACA4-BC16-4418-97DE-69FABB743417}.Release|Any CPU.Build.0 = Release|Any CPU
	EndGlobalSection
	GlobalSection(SolutionProperties) = preSolution
		HideSolutionNode = FALSE
	EndGlobalSection
	GlobalSection(ExtensibilityGlobals) = postSolution
		SolutionGuid = {2395AA9D-649F-45E6-9E27-7CCEDB2C08E8}
	EndGlobalSection
EndGlobal
